
Microsoft Visual Studio Solution File, Format Version 12.00
# Visual Studio Version 16
VisualStudioVersion = 16.0.29519.181
MinimumVisualStudioVersion = 10.0.40219.1
Project("{FAE04EC0-301F-11D3-BF4B-00C04F79EFBC}") = "WebApp", "WebApp.csproj", "{C8C96EC5-C30B-4192-A884-B67E37AC402C}"
EndProject
Global
	GlobalSection(SolutionConfigurationPlatforms) = preSolution
		Debug|Any CPU = Debug|Any CPU
		Release|Any CPU = Release|Any CPU
	EndGlobalSection
	GlobalSection(ProjectConfigurationPlatforms) = postSolution
		{C8C96EC5-C30B-4192-A884-B67E37AC402C}.Debug|Any CPU.ActiveCfg = Debug|Any CPU
		{C8C96EC5-C30B-4192-A884-B67E37AC402C}.Debug|Any CPU.Build.0 = Debug|Any CPU
		{C8C96EC5-C30B-4192-A884-B67E37AC402C}.Release|Any CPU.ActiveCfg = Release|Any CPU
		{C8C96EC5-C30B-4192-A884-B67E37AC402C}.Release|Any CPU.Build.0 = Release|Any CPU
	EndGlobalSection
	GlobalSection(SolutionProperties) = preSolution
		HideSolutionNode = FALSE
	EndGlobalSection
	GlobalSection(ExtensibilityGlobals) = postSolution
		SolutionGuid = {0EC00652-8BE1-423D-8DC3-2C8CD95BD013}
	EndGlobalSection
EndGlobal
